
Microsoft Visual Studio Solution File, Format Version 12.00
# Visual Studio Version 17
VisualStudioVersion = 17.11.35327.3
MinimumVisualStudioVersion = 10.0.40219.1
Project("{FAE04EC0-301F-11D3-BF4B-00C04F79EFBC}") = "Weather_Website", "Weather_Website\Weather_Website.csproj", "{EFA33800-81F8-46DA-A249-63E2AE41E576}"
EndProject
Global
	GlobalSection(SolutionConfigurationPlatforms) = preSolution
		Debug|Any CPU = Debug|Any CPU
		Release|Any CPU = Release|Any CPU
	EndGlobalSection
	GlobalSection(ProjectConfigurationPlatforms) = postSolution
		{EFA33800-81F8-46DA-A249-63E2AE41E576}.Debug|Any CPU.ActiveCfg = Debug|Any CPU
		{EFA33800-81F8-46DA-A249-63E2AE41E576}.Debug|Any CPU.Build.0 = Debug|Any CPU
		{EFA33800-81F8-46DA-A249-63E2AE41E576}.Release|Any CPU.ActiveCfg = Release|Any CPU
		{EFA33800-81F8-46DA-A249-63E2AE41E576}.Release|Any CPU.Build.0 = Release|Any CPU
	EndGlobalSection
	GlobalSection(SolutionProperties) = preSolution
		HideSolutionNode = FALSE
	EndGlobalSection
	GlobalSection(ExtensibilityGlobals) = postSolution
		SolutionGuid = {AEE6CE9B-22DB-4DAD-9E9E-4974F45E8E0B}
	EndGlobalSection
EndGlobal
